{
  "name": "uniapp",
  "lockfileVersion": 2,
  "requires": true,
  "packages": {
    "": {
      "dependencies": {
        "pinyin-pro": "^3.28.0",
        "uview-ui": "^2.0.38"
      }
    },
    "node_modules/pinyin-pro": {
      "version": "3.28.0",
      "resolved": "https://registry.npmmirror.com/pinyin-pro/-/pinyin-pro-3.28.0.tgz",
      "integrity": "sha512-mMRty6RisoyYNphJrTo3pnvp3w8OMZBrXm9YSWkxhAfxKj1KZk2y8T2PDIZlDDRsvZ0No+Hz6FI4sZpA6Ey25g=="
    },
    "node_modules/uview-ui": {
      "version": "2.0.38",
      "resolved": "https://registry.npmmirror.com/uview-ui/-/uview-ui-2.0.38.tgz",
      "integrity": "sha512-6egHDf9lXHKpG3hEjRE0vMx4+VWwKk/ReTf5x18KrIKqdvdPRqO3+B8Unh7vYYwrIxzAWIlmhZ9RJpKI/4UqPQ==",
      "engines": {
        "HBuilderX": "^3.1.0"
      }
    }
  },
  "dependencies": {
    "pinyin-pro": {
      "version": "3.28.0",
      "resolved": "https://registry.npmmirror.com/pinyin-pro/-/pinyin-pro-3.28.0.tgz",
      "integrity": "sha512-mMRty6RisoyYNphJrTo3pnvp3w8OMZBrXm9YSWkxhAfxKj1KZk2y8T2PDIZlDDRsvZ0No+Hz6FI4sZpA6Ey25g=="
    },
    "uview-ui": {
      "version": "2.0.38",
      "resolved": "https://registry.npmmirror.com/uview-ui/-/uview-ui-2.0.38.tgz",
      "integrity": "sha512-6egHDf9lXHKpG3hEjRE0vMx4+VWwKk/ReTf5x18KrIKqdvdPRqO3+B8Unh7vYYwrIxzAWIlmhZ9RJpKI/4UqPQ=="
    }
  }
}
